
Microsoft Visual Studio Solution File, Format Version 12.00
# Visual Studio Version 16
VisualStudioVersion = 16.0.31624.102
MinimumVisualStudioVersion = 10.0.40219.1
Project("{FAE04EC0-301F-11D3-BF4B-00C04F79EFBC}") = "P01PolaczenieZBaza", "P01PolaczenieZBaza\P01PolaczenieZBaza.csproj", "{824EE6D2-6446-4CB7-8BD0-89A2118CE66F}"
EndProject
Global
	GlobalSection(SolutionConfigurationPlatforms) = preSolution
		Debug|Any CPU = Debug|Any CPU
		Release|Any CPU = Release|Any CPU
	EndGlobalSection
	GlobalSection(ProjectConfigurationPlatforms) = postSolution
		{824EE6D2-6446-4CB7-8BD0-89A2118CE66F}.Debug|Any CPU.ActiveCfg = Debug|Any CPU
		{824EE6D2-6446-4CB7-8BD0-89A2118CE66F}.Debug|Any CPU.Build.0 = Debug|Any CPU
		{824EE6D2-6446-4CB7-8BD0-89A2118CE66F}.Release|Any CPU.ActiveCfg = Release|Any CPU
		{824EE6D2-6446-4CB7-8BD0-89A2118CE66F}.Release|Any CPU.Build.0 = Release|Any CPU
	EndGlobalSection
	GlobalSection(SolutionProperties) = preSolution
		HideSolutionNode = FALSE
	EndGlobalSection
	GlobalSection(ExtensibilityGlobals) = postSolution
		SolutionGuid = {D5642885-F2E6-464D-B683-E88F41FF8B43}
	EndGlobalSection
EndGlobal
